// !$*UTF8*$!
{
	archiveVersion = 1;
	classes = {
	};
	objectVersion = 56;
	objects = {

/* Begin PBXBuildFile section */
		63F1CD2D2A2F504A00837DDA /* Card_GameApp.swift in Sources */ = {isa = PBXBuildFile; fileRef = 63F1CD2C2A2F504A00837DDA /* Card_GameApp.swift */; };
		63F1CD2F2A2F504A00837DDA /* ContentView.swift in Sources */ = {isa = PBXBuildFile; fileRef = 63F1CD2E2A2F504A00837DDA /* ContentView.swift */; };
		63F1CD312A2F504C00837DDA /* Assets.xcassets in Resources */ = {isa = PBXBuildFile; fileRef = 63F1CD302A2F504C00837DDA /* Assets.xcassets */; };
		63F1CD342A2F504C00837DDA /* Preview Assets.xcassets in Resources */ = {isa = PBXBuildFile; fileRef = 63F1CD332A2F504C00837DDA /* Preview Assets.xcassets */; };
		63F1CD3E2A2F504C00837DDA /* Card_GameTests.swift in Sources */ = {isa = PBXBuildFile; fileRef = 63F1CD3D2A2F504C00837DDA /* Card_GameTests.swift */; };
		63F1CD482A2F504C00837DDA /* Card_GameUITests.swift in Sources */ = {isa = PBXBuildFile; fileRef = 63F1CD472A2F504C00837DDA /* Card_GameUITests.swift */; };
		63F1CD4A2A2F504C00837DDA /* Card_GameUITestsLaunchTests.swift in Sources */ = {isa = PBXBuildFile; fileRef = 63F1CD492A2F504C00837DDA /* Card_GameUITestsLaunchTests.swift */; };
/* End PBXBuildFile section */

/* Begin PBXContainerItemProxy section */
		63F1CD3A2A2F504C00837DDA /* PBXContainerItemProxy */ = {
			isa = PBXContainerItemProxy;
			containerPortal = 63F1CD212A2F504A00837DDA /* Project object */;
			proxyType = 1;
			remoteGlobalIDString = 63F1CD282A2F504A00837DDA;
			remoteInfo = "Card Game";
		};
		63F1CD442A2F504C00837DDA /* PBXContainerItemProxy */ = {
			isa = PBXContainerItemProxy;
			containerPortal = 63F1CD212A2F504A00837DDA /* Project object */;
			proxyType = 1;
			remoteGlobalIDString = 63F1CD282A2F504A00837DDA;
			remoteInfo = "Card Game";
		};
/* End PBXContainerItemProxy section */

/* Begin PBXFileReference section */
		63F1CD292A2F504A00837DDA /* Card Game.app */ = {isa = PBXFileReference; explicitFileType = wrapper.application; includeInIndex = 0; path = "Card Game.app"; sourceTree = BUILT_PRODUCTS_DIR; };
		63F1CD2C2A2F504A00837DDA /* Card_GameApp.swift */ = {isa = PBXFileReference; lastKnownFileType = sourcecode.swift; path = Card_GameApp.swift; sourceTree = "<group>"; };
		63F1CD2E2A2F504A00837DDA /* ContentView.swift */ = {isa = PBXFileReference; lastKnownFileType = sourcecode.swift; path = ContentView.swift; sourceTree = "<group>"; };
		63F1CD302A2F504C00837DDA /* Assets.xcassets */ = {isa = PBXFileReference; lastKnownFileType = folder.assetcatalog; path = Assets.xcassets; sourceTree = "<group>"; };
		63F1CD332A2F504C00837DDA /* Preview Assets.xcassets */ = {isa = PBXFileReference; lastKnownFileType = folder.assetcatalog; path = "Preview Assets.xcassets"; sourceTree = "<group>"; };
		63F1CD392A2F504C00837DDA /* Card GameTests.xctest */ = {isa = PBXFileReference; explicitFileType = wrapper.cfbundle; includeInIndex = 0; path = "Card GameTests.xctest"; sourceTree = BUILT_PRODUCTS_DIR; };
		63F1CD3D2A2F504C00837DDA /* Card_GameTests.swift */ = {isa = PBXFileReference; lastKnownFileType = sourcecode.swift; path = Card_GameTests.swift; sourceTree = "<group>"; };
		63F1CD432A2F504C00837DDA /* Card GameUITests.xctest */ = {isa = PBXFileReference; explicitFileType = wrapper.cfbundle; includeInIndex = 0; path = "Card GameUITests.xctest"; sourceTree = BUILT_PRODUCTS_DIR; };
		63F1CD472A2F504C00837DDA /* Card_GameUITests.swift */ = {isa = PBXFileReference; lastKnownFileType = sourcecode.swift; path = Card_GameUITests.swift; sourceTree = "<group>"; };
		63F1CD492A2F504C00837DDA /* Card_GameUITestsLaunchTests.swift */ = {isa = PBXFileReference; lastKnownFileType = sourcecode.swift; path = Card_GameUITestsLaunchTests.swift; sourceTree = "<group>"; };
/* End PBXFileReference section */

/* Begin PBXFrameworksBuildPhase section */
		63F1CD262A2F504A00837DDA /* Frameworks */ = {
			isa = PBXFrameworksBuildPhase;
			buildActionMask = 2147483647;
			files = (
			);
			runOnlyForDeploymentPostprocessing = 0;
		};
		63F1CD362A2F504C00837DDA /* Frameworks */ = {
			isa = PBXFrameworksBuildPhase;
			buildActionMask = 2147483647;
			files = (
			);
			runOnlyForDeploymentPostprocessing = 0;
		};
		63F1CD402A2F504C00837DDA /* Frameworks */ = {
			isa = PBXFrameworksBuildPhase;
			buildActionMask = 2147483647;
			files = (
			);
			runOnlyForDeploymentPostprocessing = 0;
		};
/* End PBXFrameworksBuildPhase section */

/* Begin PBXGroup section */
		63F1CD202A2F504A00837DDA = {
			isa = PBXGroup;
			children = (
				63F1CD2B2A2F504A00837DDA /* Card Game */,
				63F1CD3C2A2F504C00837DDA /* Card GameTests */,
				63F1CD462A2F504C00837DDA /* Card GameUITests */,
				63F1CD2A2A2F504A00837DDA /* Products */,
			);
			sourceTree = "<group>";
		};
		63F1CD2A2A2F504A00837DDA /* Products */ = {
			isa = PBXGroup;
			children = (
				63F1CD292A2F504A00837DDA /* Card Game.app */,
				63F1CD392A2F504C00837DDA /* Card GameTests.xctest */,
				63F1CD432A2F504C00837DDA /* Card GameUITests.xctest */,
			);
			name = Products;
			sourceTree = "<group>";
		};
		63F1CD2B2A2F504A00837DDA /* Card Game */ = {
			isa = PBXGroup;
			children = (
				63F1CD2C2A2F504A00837DDA /* Card_GameApp.swift */,
				63F1CD2E2A2F504A00837DDA /* ContentView.swift */,
				63F1CD302A2F504C00837DDA /* Assets.xcassets */,
				63F1CD322A2F504C00837DDA /* Preview Content */,
			);
			path = "Card Game";
			sourceTree = "<group>";
		};
		63F1CD322A2F504C00837DDA /* Preview Content */ = {
			isa = PBXGroup;
			children = (
				63F1CD332A2F504C00837DDA /* Preview Assets.xcassets */,
			);
			path = "Preview Content";
			sourceTree = "<group>";
		};
		63F1CD3C2A2F504C00837DDA /* Card GameTests */ = {
			isa = PBXGroup;
			children = (
				63F1CD3D2A2F504C00837DDA /* Card_GameTests.swift */,
			);
			path = "Card GameTests";
			sourceTree = "<group>";
		};
		63F1CD462A2F504C00837DDA /* Card GameUITests */ = {
			isa = PBXGroup;
			children = (
				63F1CD472A2F504C00837DDA /* Card_GameUITests.swift */,
				63F1CD492A2F504C00837DDA /* Card_GameUITestsLaunchTests.swift */,
			);
			path = "Card GameUITests";
			sourceTree = "<group>";
		};
/* End PBXGroup section */

/* Begin PBXNativeTarget section */
		63F1CD282A2F504A00837DDA /* Card Game */ = {
			isa = PBXNativeTarget;
			buildConfigurationList = 63F1CD4D2A2F504C00837DDA /* Build configuration list for PBXNativeTarget "Card Game" */;
			buildPhases = (
				63F1CD252A2F504A00837DDA /* Sources */,
				63F1CD262A2F504A00837DDA /* Frameworks */,
				63F1CD272A2F504A00837DDA /* Resources */,
			);
			buildRules = (
			);
			dependencies = (
			);
			name = "Card Game";
			productName = "Card Game";
			productReference = 63F1CD292A2F504A00837DDA /* Card Game.app */;
			productType = "com.apple.product-type.application";
		};
		63F1CD382A2F504C00837DDA /* Card GameTests */ = {
			isa = PBXNativeTarget;
			buildConfigurationList = 63F1CD502A2F504C00837DDA /* Build configuration list for PBXNativeTarget "Card GameTests" */;
			buildPhases = (
				63F1CD352A2F504C00837DDA /* Sources */,
				63F1CD362A2F504C00837DDA /* Frameworks */,
				63F1CD372A2F504C00837DDA /* Resources */,
			);
			buildRules = (
			);
			dependencies = (
				63F1CD3B2A2F504C00837DDA /* PBXTargetDependency */,
			);
			name = "Card GameTests";
			productName = "Card GameTests";
			productReference = 63F1CD392A2F504C00837DDA /* Card GameTests.xctest */;
			productType = "com.apple.product-type.bundle.unit-test";
		};
		63F1CD422A2F504C00837DDA /* Card GameUITests */ = {
			isa = PBXNativeTarget;
			buildConfigurationList = 63F1CD532A2F504C00837DDA /* Build configuration list for PBXNativeTarget "Card GameUITests" */;
			buildPhases = (
				63F1CD3F2A2F504C00837DDA /* Sources */,
				63F1CD402A2F504C00837DDA /* Frameworks */,
				63F1CD412A2F504C00837DDA /* Resources */,
			);
			buildRules = (
			);
			dependencies = (
				63F1CD452A2F504C00837DDA /* PBXTargetDependency */,
			);
			name = "Card GameUITests";
			productName = "Card GameUITests";
			productReference = 63F1CD432A2F504C00837DDA /* Card GameUITests.xctest */;
			productType = "com.apple.product-type.bundle.ui-testing";
		};
/* End PBXNativeTarget section */

/* Begin PBXProject section */
		63F1CD212A2F504A00837DDA /* Project object */ = {
			isa = PBXProject;
			attributes = {
				BuildIndependentTargetsInParallel = 1;
				LastSwiftUpdateCheck = 1430;
				LastUpgradeCheck = 1430;
				TargetAttributes = {
					63F1CD282A2F504A00837DDA = {
						CreatedOnToolsVersion = 14.3.1;
					};
					63F1CD382A2F504C00837DDA = {
						CreatedOnToolsVersion = 14.3.1;
						TestTargetID = 63F1CD282A2F504A00837DDA;
					};
					63F1CD422A2F504C00837DDA = {
						CreatedOnToolsVersion = 14.3.1;
						TestTargetID = 63F1CD282A2F504A00837DDA;
					};
				};
			};
			buildConfigurationList = 63F1CD242A2F504A00837DDA /* Build configuration list for PBXProject "Card Game" */;
			compatibilityVersion = "Xcode 14.0";
			developmentRegion = en;
			hasScannedForEncodings = 0;
			knownRegions = (
				en,
				Base,
			);
			mainGroup = 63F1CD202A2F504A00837DDA;
			productRefGroup = 63F1CD2A2A2F504A00837DDA /* Products */;
			projectDirPath = "";
			projectRoot = "";
			targets = (
				63F1CD282A2F504A00837DDA /* Card Game */,
				63F1CD382A2F504C00837DDA /* Card GameTests */,
				63F1CD422A2F504C00837DDA /* Card GameUITests */,
			);
		};
/* End PBXProject section */

/* Begin PBXResourcesBuildPhase section */
		63F1CD272A2F504A00837DDA /* Resources */ = {
			isa = PBXResourcesBuildPhase;
			buildActionMask = 2147483647;
			files = (
				63F1CD342A2F504C00837DDA /* Preview Assets.xcassets in Resources */,
				63F1CD312A2F504C00837DDA /* Assets.xcassets in Resources */,
			);
			runOnlyForDeploymentPostprocessing = 0;
		};
		63F1CD372A2F504C00837DDA /* Resources */ = {
			isa = PBXResourcesBuildPhase;
			buildActionMask = 2147483647;
			files = (
			);
			runOnlyForDeploymentPostprocessing = 0;
		};
		63F1CD412A2F504C00837DDA /* Resources */ = {
			isa = PBXResourcesBuildPhase;
			buildActionMask = 2147483647;
			files = (
			);
			runOnlyForDeploymentPostprocessing = 0;
		};
/* End PBXResourcesBuildPhase section */

/* Begin PBXSourcesBuildPhase section */
		63F1CD252A2F504A00837DDA /* Sources */ = {
			isa = PBXSourcesBuildPhase;
			buildActionMask = 2147483647;
			files = (
				63F1CD2F2A2F504A00837DDA /* ContentView.swift in Sources */,
				63F1CD2D2A2F504A00837DDA /* Card_GameApp.swift in Sources */,
			);
			runOnlyForDeploymentPostprocessing = 0;
		};
		63F1CD352A2F504C00837DDA /* Sources */ = {
			isa = PBXSourcesBuildPhase;
			buildActionMask = 2147483647;
			files = (
				63F1CD3E2A2F504C00837DDA /* Card_GameTests.swift in Sources */,
			);
			runOnlyForDeploymentPostprocessing = 0;
		};
		63F1CD3F2A2F504C00837DDA /* Sources */ = {
			isa = PBXSourcesBuildPhase;
			buildActionMask = 2147483647;
			files = (
				63F1CD4A2A2F504C00837DDA /* Card_GameUITestsLaunchTests.swift in Sources */,
				63F1CD482A2F504C00837DDA /* Card_GameUITests.swift in Sources */,
			);
			runOnlyForDeploymentPostprocessing = 0;
		};
/* End PBXSourcesBuildPhase section */

/* Begin PBXTargetDependency section */
		63F1CD3B2A2F504C00837DDA /* PBXTargetDependency */ = {
			isa = PBXTargetDependency;
			target = 63F1CD282A2F504A00837DDA /* Card Game */;
			targetProxy = 63F1CD3A2A2F504C00837DDA /* PBXContainerItemProxy */;
		};
		63F1CD452A2F504C00837DDA /* PBXTargetDependency */ = {
			isa = PBXTargetDependency;
			target = 63F1CD282A2F504A00837DDA /* Card Game */;
			targetProxy = 63F1CD442A2F504C00837DDA /* PBXContainerItemProxy */;
		};
/* End PBXTargetDependency section */

/* Begin XCBuildConfiguration section */
		63F1CD4B2A2F504C00837DDA /* Debug */ = {
			isa = XCBuildConfiguration;
			buildSettings = {
				ALWAYS_SEARCH_USER_PATHS = NO;
				CLANG_ANALYZER_NONNULL = YES;
				CLANG_ANALYZER_NUMBER_OBJECT_CONVERSION = YES_AGGRESSIVE;
				CLANG_CXX_LANGUAGE_STANDARD = "gnu++20";
				CLANG_ENABLE_MODULES = YES;
				CLANG_ENABLE_OBJC_ARC = YES;
				CLANG_ENABLE_OBJC_WEAK = YES;
				CLANG_WARN_BLOCK_CAPTURE_AUTORELEASING = YES;
				CLANG_WARN_BOOL_CONVERSION = YES;
				CLANG_WARN_COMMA = YES;
				CLANG_WARN_CONSTANT_CONVERSION = YES;
				CLANG_WARN_DEPRECATED_OBJC_IMPLEMENTATIONS = YES;
				CLANG_WARN_DIRECT_OBJC_ISA_USAGE = YES_ERROR;
				CLANG_WARN_DOCUMENTATION_COMMENTS = YES;
				CLANG_WARN_EMPTY_BODY = YES;
				CLANG_WARN_ENUM_CONVERSION = YES;
				CLANG_WARN_INFINITE_RECURSION = YES;
				CLANG_WARN_INT_CONVERSION = YES;
				CLANG_WARN_NON_LITERAL_NULL_CONVERSION = YES;
				CLANG_WARN_OBJC_IMPLICIT_RETAIN_SELF = YES;
				CLANG_WARN_OBJC_LITERAL_CONVERSION = YES;
				CLANG_WARN_OBJC_ROOT_CLASS = YES_ERROR;
				CLANG_WARN_QUOTED_INCLUDE_IN_FRAMEWORK_HEADER = YES;
				CLANG_WARN_RANGE_LOOP_ANALYSIS = YES;
				CLANG_WARN_STRICT_PROTOTYPES = YES;
				CLANG_WARN_SUSPICIOUS_MOVE = YES;
				CLANG_WARN_UNGUARDED_AVAILABILITY = YES_AGGRESSIVE;
				CLANG_WARN_UNREACHABLE_CODE = YES;
				CLANG_WARN__DUPLICATE_METHOD_MATCH = YES;
				COPY_PHASE_STRIP = NO;
				DEBUG_INFORMATION_FORMAT = dwarf;
				ENABLE_STRICT_OBJC_MSGSEND = YES;
				ENABLE_TESTABILITY = YES;
				GCC_C_LANGUAGE_STANDARD = gnu11;
				GCC_DYNAMIC_NO_PIC = NO;
				GCC_NO_COMMON_BLOCKS = YES;
				GCC_OPTIMIZATION_LEVEL = 0;
				GCC_PREPROCESSOR_DEFINITIONS = (
					"DEBUG=1",
					"$(inherited)",
				);
				GCC_WARN_64_TO_32_BIT_CONVERSION = YES;
				GCC_WARN_ABOUT_RETURN_TYPE = YES_ERROR;
				GCC_WARN_UNDECLARED_SELECTOR = YES;
				GCC_WARN_UNINITIALIZED_AUTOS = YES_AGGRESSIVE;
				GCC_WARN_UNUSED_FUNCTION = YES;
				GCC_WARN_UNUSED_VARIABLE = YES;
				IPHONEOS_DEPLOYMENT_TARGET = 16.4;
				MTL_ENABLE_DEBUG_INFO = INCLUDE_SOURCE;
				MTL_FAST_MATH = YES;
				ONLY_ACTIVE_ARCH = YES;
				SDKROOT = iphoneos;
				SWIFT_ACTIVE_COMPILATION_CONDITIONS = DEBUG;
				SWIFT_OPTIMIZATION_LEVEL = "-Onone";
			};
			name = Debug;
		};
		63F1CD4C2A2F504C00837DDA /* Release */ = {
			isa = XCBuildConfiguration;
			buildSettings = {
				ALWAYS_SEARCH_USER_PATHS = NO;
				CLANG_ANALYZER_NONNULL = YES;
				CLANG_ANALYZER_NUMBER_OBJECT_CONVERSION = YES_AGGRESSIVE;
				CLANG_CXX_LANGUAGE_STANDARD = "gnu++20";
				CLANG_ENABLE_MODULES = YES;
				CLANG_ENABLE_OBJC_ARC = YES;
				CLANG_ENABLE_OBJC_WEAK = YES;
				CLANG_WARN_BLOCK_CAPTURE_AUTORELEASING = YES;
				CLANG_WARN_BOOL_CONVERSION = YES;
				CLANG_WARN_COMMA = YES;
				CLANG_WARN_CONSTANT_CONVERSION = YES;
				CLANG_WARN_DEPRECATED_OBJC_IMPLEMENTATIONS = YES;
				CLANG_WARN_DIRECT_OBJC_ISA_USAGE = YES_ERROR;
				CLANG_WARN_DOCUMENTATION_COMMENTS = YES;
				CLANG_WARN_EMPTY_BODY = YES;
				CLANG_WARN_ENUM_CONVERSION = YES;
				CLANG_WARN_INFINITE_RECURSION = YES;
				CLANG_WARN_INT_CONVERSION = YES;
				CLANG_WARN_NON_LITERAL_NULL_CONVERSION = YES;
				CLANG_WARN_OBJC_IMPLICIT_RETAIN_SELF = YES;
				CLANG_WARN_OBJC_LITERAL_CONVERSION = YES;
				CLANG_WARN_OBJC_ROOT_CLASS = YES_ERROR;
				CLANG_WARN_QUOTED_INCLUDE_IN_FRAMEWORK_HEADER = YES;
				CLANG_WARN_RANGE_LOOP_ANALYSIS = YES;
				CLANG_WARN_STRICT_PROTOTYPES = YES;
				CLANG_WARN_SUSPICIOUS_MOVE = YES;
				CLANG_WARN_UNGUARDED_AVAILABILITY = YES_AGGRESSIVE;
				CLANG_WARN_UNREACHABLE_CODE = YES;
				CLANG_WARN__DUPLICATE_METHOD_MATCH = YES;
				COPY_PHASE_STRIP = NO;
				DEBUG_INFORMATION_FORMAT = "dwarf-with-dsym";
				ENABLE_NS_ASSERTIONS = NO;
				ENABLE_STRICT_OBJC_MSGSEND = YES;
				GCC_C_LANGUAGE_STANDARD = gnu11;
				GCC_NO_COMMON_BLOCKS = YES;
				GCC_WARN_64_TO_32_BIT_CONVERSION = YES;
				GCC_WARN_ABOUT_RETURN_TYPE = YES_ERROR;
				GCC_WARN_UNDECLARED_SELECTOR = YES;
				GCC_WARN_UNINITIALIZED_AUTOS = YES_AGGRESSIVE;
				GCC_WARN_UNUSED_FUNCTION = YES;
				GCC_WARN_UNUSED_VARIABLE = YES;
				IPHONEOS_DEPLOYMENT_TARGET = 16.4;
				MTL_ENABLE_DEBUG_INFO = NO;
				MTL_FAST_MATH = YES;
				SDKROOT = iphoneos;
				SWIFT_COMPILATION_MODE = wholemodule;
				SWIFT_OPTIMIZATION_LEVEL = "-O";
				VALIDATE_PRODUCT = YES;
			};
			name = Release;
		};
		63F1CD4E2A2F504C00837DDA /* Debug */ = {
			isa = XCBuildConfiguration;
			buildSettings = {
				ASSETCATALOG_COMPILER_APPICON_NAME = AppIcon;
				ASSETCATALOG_COMPILER_GLOBAL_ACCENT_COLOR_NAME = AccentColor;
				CODE_SIGN_STYLE = Automatic;
				CURRENT_PROJECT_VERSION = 1;
				DEVELOPMENT_ASSET_PATHS = "\"Card Game/Preview Content\"";
				DEVELOPMENT_TEAM = ZJ5WY9F582;
				ENABLE_PREVIEWS = YES;
				GENERATE_INFOPLIST_FILE = YES;
				INFOPLIST_KEY_UIApplicationSceneManifest_Generation = YES;
				INFOPLIST_KEY_UIApplicationSupportsIndirectInputEvents = YES;
				INFOPLIST_KEY_UILaunchScreen_Generation = YES;
				INFOPLIST_KEY_UISupportedInterfaceOrientations_iPad = "UIInterfaceOrientationPortrait UIInterfaceOrientationPortraitUpsideDown UIInterfaceOrientationLandscapeLeft UIInterfaceOrientationLandscapeRight";
				INFOPLIST_KEY_UISupportedInterfaceOrientations_iPhone = "UIInterfaceOrientationPortrait UIInterfaceOrientationLandscapeLeft UIInterfaceOrientationLandscapeRight";
				LD_RUNPATH_SEARCH_PATHS = (
					"$(inherited)",
					"@executable_path/Frameworks",
				);
				MARKETING_VERSION = 1.0;
				PRODUCT_BUNDLE_IDENTIFIER = "com.ulektz.Card-Game";
				PRODUCT_NAME = "$(TARGET_NAME)";
				SWIFT_EMIT_LOC_STRINGS = YES;
				SWIFT_VERSION = 5.0;
				TARGETED_DEVICE_FAMILY = "1,2";
			};
			name = Debug;
		};
		63F1CD4F2A2F504C00837DDA /* Release */ = {
			isa = XCBuildConfiguration;
			buildSettings = {
				ASSETCATALOG_COMPILER_APPICON_NAME = AppIcon;
				ASSETCATALOG_COMPILER_GLOBAL_ACCENT_COLOR_NAME = AccentColor;
				CODE_SIGN_STYLE = Automatic;
				CURRENT_PROJECT_VERSION = 1;
				DEVELOPMENT_ASSET_PATHS = "\"Card Game/Preview Content\"";
				DEVELOPMENT_TEAM = ZJ5WY9F582;
				ENABLE_PREVIEWS = YES;
				GENERATE_INFOPLIST_FILE = YES;
				INFOPLIST_KEY_UIApplicationSceneManifest_Generation = YES;
				INFOPLIST_KEY_UIApplicationSupportsIndirectInputEvents = YES;
				INFOPLIST_KEY_UILaunchScreen_Generation = YES;
				INFOPLIST_KEY_UISupportedInterfaceOrientations_iPad = "UIInterfaceOrientationPortrait UIInterfaceOrientationPortraitUpsideDown UIInterfaceOrientationLandscapeLeft UIInterfaceOrientationLandscapeRight";
				INFOPLIST_KEY_UISupportedInterfaceOrientations_iPhone = "UIInterfaceOrientationPortrait UIInterfaceOrientationLandscapeLeft UIInterfaceOrientationLandscapeRight";
				LD_RUNPATH_SEARCH_PATHS = (
					"$(inherited)",
					"@executable_path/Frameworks",
				);
				MARKETING_VERSION = 1.0;
				PRODUCT_BUNDLE_IDENTIFIER = "com.ulektz.Card-Game";
				PRODUCT_NAME = "$(TARGET_NAME)";
				SWIFT_EMIT_LOC_STRINGS = YES;
				SWIFT_VERSION = 5.0;
				TARGETED_DEVICE_FAMILY = "1,2";
			};
			name = Release;
		};
		63F1CD512A2F504C00837DDA /* Debug */ = {
			isa = XCBuildConfiguration;
			buildSettings = {
				ALWAYS_EMBED_SWIFT_STANDARD_LIBRARIES = YES;
				BUNDLE_LOADER = "$(TEST_HOST)";
				CODE_SIGN_STYLE = Automatic;
				CURRENT_PROJECT_VERSION = 1;
				DEVELOPMENT_TEAM = ZJ5WY9F582;
				GENERATE_INFOPLIST_FILE = YES;
				IPHONEOS_DEPLOYMENT_TARGET = 16.4;
				MARKETING_VERSION = 1.0;
				PRODUCT_BUNDLE_IDENTIFIER = "com.ulektz.Card-GameTests";
				PRODUCT_NAME = "$(TARGET_NAME)";
				SWIFT_EMIT_LOC_STRINGS = NO;
				SWIFT_VERSION = 5.0;
				TARGETED_DEVICE_FAMILY = "1,2";
				TEST_HOST = "$(BUILT_PRODUCTS_DIR)/Card Game.app/$(BUNDLE_EXECUTABLE_FOLDER_PATH)/Card Game";
			};
			name = Debug;
		};
		63F1CD522A2F504C00837DDA /* Release */ = {
			isa = XCBuildConfiguration;
			buildSettings = {
				ALWAYS_EMBED_SWIFT_STANDARD_LIBRARIES = YES;
				BUNDLE_LOADER = "$(TEST_HOST)";
				CODE_SIGN_STYLE = Automatic;
				CURRENT_PROJECT_VERSION = 1;
				DEVELOPMENT_TEAM = ZJ5WY9F582;
				GENERATE_INFOPLIST_FILE = YES;
				IPHONEOS_DEPLOYMENT_TARGET = 16.4;
				MARKETING_VERSION = 1.0;
				PRODUCT_BUNDLE_IDENTIFIER = "com.ulektz.Card-GameTests";
				PRODUCT_NAME = "$(TARGET_NAME)";
				SWIFT_EMIT_LOC_STRINGS = NO;
				SWIFT_VERSION = 5.0;
				TARGETED_DEVICE_FAMILY = "1,2";
				TEST_HOST = "$(BUILT_PRODUCTS_DIR)/Card Game.app/$(BUNDLE_EXECUTABLE_FOLDER_PATH)/Card Game";
			};
			name = Release;
		};
		63F1CD542A2F504C00837DDA /* Debug */ = {
			isa = XCBuildConfiguration;
			buildSettings = {
				ALWAYS_EMBED_SWIFT_STANDARD_LIBRARIES = YES;
				CODE_SIGN_STYLE = Automatic;
				CURRENT_PROJECT_VERSION = 1;
				DEVELOPMENT_TEAM = ZJ5WY9F582;
				GENERATE_INFOPLIST_FILE = YES;
				MARKETING_VERSION = 1.0;
				PRODUCT_BUNDLE_IDENTIFIER = "com.ulektz.Card-GameUITests";
				PRODUCT_NAME = "$(TARGET_NAME)";
				SWIFT_EMIT_LOC_STRINGS = NO;
				SWIFT_VERSION = 5.0;
				TARGETED_DEVICE_FAMILY = "1,2";
				TEST_TARGET_NAME = "Card Game";
			};
			name = Debug;
		};
		63F1CD552A2F504C00837DDA /* Release */ = {
			isa = XCBuildConfiguration;
			buildSettings = {
				ALWAYS_EMBED_SWIFT_STANDARD_LIBRARIES = YES;
				CODE_SIGN_STYLE = Automatic;
				CURRENT_PROJECT_VERSION = 1;
				DEVELOPMENT_TEAM = ZJ5WY9F582;
				GENERATE_INFOPLIST_FILE = YES;
				MARKETING_VERSION = 1.0;
				PRODUCT_BUNDLE_IDENTIFIER = "com.ulektz.Card-GameUITests";
				PRODUCT_NAME = "$(TARGET_NAME)";
				SWIFT_EMIT_LOC_STRINGS = NO;
				SWIFT_VERSION = 5.0;
				TARGETED_DEVICE_FAMILY = "1,2";
				TEST_TARGET_NAME = "Card Game";
			};
			name = Release;
		};
/* End XCBuildConfiguration section */

/* Begin XCConfigurationList section */
		63F1CD242A2F504A00837DDA /* Build configuration list for PBXProject "Card Game" */ = {
			isa = XCConfigurationList;
			buildConfigurations = (
				63F1CD4B2A2F504C00837DDA /* Debug */,
				63F1CD4C2A2F504C00837DDA /* Release */,
			);
			defaultConfigurationIsVisible = 0;
			defaultConfigurationName = Release;
		};
		63F1CD4D2A2F504C00837DDA /* Build configuration list for PBXNativeTarget "Card Game" */ = {
			isa = XCConfigurationList;
			buildConfigurations = (
				63F1CD4E2A2F504C00837DDA /* Debug */,
				63F1CD4F2A2F504C00837DDA /* Release */,
			);
			defaultConfigurationIsVisible = 0;
			defaultConfigurationName = Release;
		};
		63F1CD502A2F504C00837DDA /* Build configuration list for PBXNativeTarget "Card GameTests" */ = {
			isa = XCConfigurationList;
			buildConfigurations = (
				63F1CD512A2F504C00837DDA /* Debug */,
				63F1CD522A2F504C00837DDA /* Release */,
			);
			defaultConfigurationIsVisible = 0;
			defaultConfigurationName = Release;
		};
		63F1CD532A2F504C00837DDA /* Build configuration list for PBXNativeTarget "Card GameUITests" */ = {
			isa = XCConfigurationList;
			buildConfigurations = (
				63F1CD542A2F504C00837DDA /* Debug */,
				63F1CD552A2F504C00837DDA /* Release */,
			);
			defaultConfigurationIsVisible = 0;
			defaultConfigurationName = Release;
		};
/* End XCConfigurationList section */
	};
	rootObject = 63F1CD212A2F504A00837DDA /* Project object */;
}
